# This file was autogenerated by Stack.
# You should not edit this file by hand.
# For more information, please see the documentation at:
#   https://docs.haskellstack.org/en/stable/topics/lock_files

packages: []
snapshots:
- completed:
    sha256: 23647bda2f8ac7c2b17e3d5936074578bba6dd1363438e00cdee917a5480087e
    size: 775034
    url: https://raw.githubusercontent.com/commercialhaskell/stackage-snapshots/master/nightly/2026/9/10.yaml
  original: nightly-2026-09-10
